PODS:
  - SDWebImage/Core (5.12.2)
  - SKSVG (0.1.1):
    - SDWebImage/Core (~> 5.10)

DEPENDENCIES:
  - SKSVG (from `../`)

SPEC REPOS:
  trunk:
    - SDWebImage

EXTERNAL SOURCES:
  SKSVG:
    :path: "../"

SPEC CHECKSUMS:
  SDWebImage: 240e5c12b592fb1268c1d03b8c90d90e8c2ffe82
  SKSVG: bcc2298c5e475d94cc9e3436c8bb8275b381b2bc

PODFILE CHECKSUM: 53b1850006779427b15e2d6590945cad3777e6da

COCOAPODS: 1.11.2
