PODS:
  - SDWebImage/Core (5.12.2)
  - SKSVG (0.1.0):
    - SDWebImage/Core (~> 5.10)

DEPENDENCIES:
  - SKSVG (from `../`)

SPEC REPOS:
  trunk:
    - SDWebImage

EXTERNAL SOURCES:
  SKSVG:
    :path: "../"

SPEC CHECKSUMS:
  SDWebImage: 240e5c12b592fb1268c1d03b8c90d90e8c2ffe82
  SKSVG: fcbdb4d42b5f67918c4694e7ed6e608d0c551f6d

PODFILE CHECKSUM: 53b1850006779427b15e2d6590945cad3777e6da

COCOAPODS: 1.11.2
